
Microsoft Visual Studio Solution File, Format Version 12.00
# Visual Studio Version 17
VisualStudioVersion = 17.0.31903.59
MinimumVisualStudioVersion = 10.0.40219.1
Project("{FAE04EC0-301F-11D3-BF4B-00C04F79EFBC}") = "Test", "Test.csproj", "{B7EB7776-E15C-47BE-8346-273DB47032DE}"
EndProject
Global
	GlobalSection(SolutionConfigurationPlatforms) = preSolution
		Debug|ARM = Debug|ARM
		Debug|ARM64 = Debug|ARM64
		Debug|x64 = Debug|x64
		Debug|x86 = Debug|x86
		Release|ARM = Release|ARM
		Release|ARM64 = Release|ARM64
		Release|x64 = Release|x64
		Release|x86 = Release|x86
	EndGlobalSection
	GlobalSection(ProjectConfigurationPlatforms) = postSolution
		{B7EB7776-E15C-47BE-8346-273DB47032DE}.Debug|ARM.ActiveCfg = Debug|ARM
		{B7EB7776-E15C-47BE-8346-273DB47032DE}.Debug|ARM.Build.0 = Debug|ARM
		{B7EB7776-E15C-47BE-8346-273DB47032DE}.Debug|ARM.Deploy.0 = Debug|ARM
		{B7EB7776-E15C-47BE-8346-273DB47032DE}.Debug|ARM64.ActiveCfg = Debug|ARM64
		{B7EB7776-E15C-47BE-8346-273DB47032DE}.Debug|ARM64.Build.0 = Debug|ARM64
		{B7EB7776-E15C-47BE-8346-273DB47032DE}.Debug|ARM64.Deploy.0 = Debug|ARM64
		{B7EB7776-E15C-47BE-8346-273DB47032DE}.Debug|x64.ActiveCfg = Debug|x64
		{B7EB7776-E15C-47BE-8346-273DB47032DE}.Debug|x64.Build.0 = Debug|x64
		{B7EB7776-E15C-47BE-8346-273DB47032DE}.Debug|x64.Deploy.0 = Debug|x64
		{B7EB7776-E15C-47BE-8346-273DB47032DE}.Debug|x86.ActiveCfg = Debug|x86
		{B7EB7776-E15C-47BE-8346-273DB47032DE}.Debug|x86.Build.0 = Debug|x86
		{B7EB7776-E15C-47BE-8346-273DB47032DE}.Debug|x86.Deploy.0 = Debug|x86
		{B7EB7776-E15C-47BE-8346-273DB47032DE}.Release|ARM.ActiveCfg = Release|ARM
		{B7EB7776-E15C-47BE-8346-273DB47032DE}.Release|ARM.Build.0 = Release|ARM
		{B7EB7776-E15C-47BE-8346-273DB47032DE}.Release|ARM.Deploy.0 = Release|ARM
		{B7EB7776-E15C-47BE-8346-273DB47032DE}.Release|ARM64.ActiveCfg = Release|ARM64
		{B7EB7776-E15C-47BE-8346-273DB47032DE}.Release|ARM64.Build.0 = Release|ARM64
		{B7EB7776-E15C-47BE-8346-273DB47032DE}.Release|ARM64.Deploy.0 = Release|ARM64
		{B7EB7776-E15C-47BE-8346-273DB47032DE}.Release|x64.ActiveCfg = Release|x64
		{B7EB7776-E15C-47BE-8346-273DB47032DE}.Release|x64.Build.0 = Release|x64
		{B7EB7776-E15C-47BE-8346-273DB47032DE}.Release|x64.Deploy.0 = Release|x64
		{B7EB7776-E15C-47BE-8346-273DB47032DE}.Release|x86.ActiveCfg = Release|x86
		{B7EB7776-E15C-47BE-8346-273DB47032DE}.Release|x86.Build.0 = Release|x86
		{B7EB7776-E15C-47BE-8346-273DB47032DE}.Release|x86.Deploy.0 = Release|x86
	EndGlobalSection
	GlobalSection(SolutionProperties) = preSolution
		HideSolutionNode = FALSE
	EndGlobalSection
	GlobalSection(ExtensibilityGlobals) = postSolution
		SolutionGuid = {D26D918B-20AA-46D0-BBB8-CD58BCE00634}
	EndGlobalSection
EndGlobal
